
Microsoft Visual Studio Solution File, Format Version 12.00
# Visual Studio Version 17
VisualStudioVersion = 17.8.34309.116
MinimumVisualStudioVersion = 10.0.40219.1
Project("{2150E333-8FDC-42A3-9474-1A3956D46DE8}") = "Source", "Source", "{0B6D13FA-354E-45EC-97F4-0CD83BE5F735}"
EndProject
Project("{2150E333-8FDC-42A3-9474-1A3956D46DE8}") = "Services", "Services", "{14A261E4-378C-47C2-913B-B650F897B479}"
EndProject
Project("{2150E333-8FDC-42A3-9474-1A3956D46DE8}") = "ApiGateway", "ApiGateway", "{2C38BED5-4910-4D08-93B9-C8BCE71204EF}"
EndProject
Project("{9A19103F-16F7-4668-BE54-9A1E7A4F7556}") = "Soundy.ApiGateway", "ApiGateway\Soundy.ApiGateway\Soundy.ApiGateway.csproj", "{B45ABBCA-483B-40B8-ABBF-8EFD16229979}"
EndProject
Project("{2150E333-8FDC-42A3-9474-1A3956D46DE8}") = "IAM", "IAM", "{5910A637-29DC-40F7-945F-C6F8D925BAFC}"
EndProject
Project("{9A19103F-16F7-4668-BE54-9A1E7A4F7556}") = "Soundy.IAM", "Services\IAM\Soundy.IAM\Soundy.IAM.csproj", "{C6E6647B-121E-4CA0-96C0-87A52488AC86}"
EndProject
Project("{2150E333-8FDC-42A3-9474-1A3956D46DE8}") = "UserService", "UserService", "{B14C739E-1725-4709-A9FE-EDB4CCE02D85}"
EndProject
Project("{9A19103F-16F7-4668-BE54-9A1E7A4F7556}") = "Soundy.UserService", "Services\UserService\Soundy.UserService\Soundy.UserService.csproj", "{F6DB4DEF-E7DB-4198-B0DA-F41A9BAAE0EE}"
EndProject
Project("{9A19103F-16F7-4668-BE54-9A1E7A4F7556}") = "Soundy.ApiGateway.Domain", "ApiGateway\Soundy.ApiGateway.Domain\Soundy.ApiGateway.Domain.csproj", "{C0DDA16E-E909-4CF0-AD76-4368F799CC07}"
EndProject
Project("{9A19103F-16F7-4668-BE54-9A1E7A4F7556}") = "Soundy.ApiGateway.Application", "ApiGateway\Soundy.ApiGateway.Application\Soundy.ApiGateway.Application.csproj", "{D0BB44AA-F226-4510-BF87-76B4509223BB}"
EndProject
Project("{9A19103F-16F7-4668-BE54-9A1E7A4F7556}") = "Soundy.ApiGateway.DataAccess", "ApiGateway\Soundy.ApiGateway.DataAccess\Soundy.ApiGateway.DataAccess.csproj", "{E05DF8C2-E790-4078-8243-D815711F5F2B}"
EndProject
Project("{2150E333-8FDC-42A3-9474-1A3956D46DE8}") = "SharedLibrary", "SharedLibrary", "{6FB7D026-C82A-4957-A80E-755E9A7E2735}"
EndProject
Project("{9A19103F-16F7-4668-BE54-9A1E7A4F7556}") = "Soundy.SharedLibrary", "SharedLibrary\Soundy.SharedLibrary\Soundy.SharedLibrary.csproj", "{E88A5740-5F87-4BFB-9925-FF0FF9625D50}"
EndProject
Project("{E53339B2-1760-4266-BCC7-CA923CBCF16C}") = "docker-compose", "docker-compose.dcproj", "{CA38B116-57A3-45C9-9D68-2BC6EA55D1B4}"
EndProject
Global
	GlobalSection(SolutionConfigurationPlatforms) = preSolution
		Debug|Any CPU = Debug|Any CPU
		Release|Any CPU = Release|Any CPU
	EndGlobalSection
	GlobalSection(ProjectConfigurationPlatforms) = postSolution
		{B45ABBCA-483B-40B8-ABBF-8EFD16229979}.Debug|Any CPU.ActiveCfg = Debug|Any CPU
		{B45ABBCA-483B-40B8-ABBF-8EFD16229979}.Debug|Any CPU.Build.0 = Debug|Any CPU
		{B45ABBCA-483B-40B8-ABBF-8EFD16229979}.Release|Any CPU.ActiveCfg = Release|Any CPU
		{B45ABBCA-483B-40B8-ABBF-8EFD16229979}.Release|Any CPU.Build.0 = Release|Any CPU
		{C6E6647B-121E-4CA0-96C0-87A52488AC86}.Debug|Any CPU.ActiveCfg = Debug|Any CPU
		{C6E6647B-121E-4CA0-96C0-87A52488AC86}.Debug|Any CPU.Build.0 = Debug|Any CPU
		{C6E6647B-121E-4CA0-96C0-87A52488AC86}.Release|Any CPU.ActiveCfg = Release|Any CPU
		{C6E6647B-121E-4CA0-96C0-87A52488AC86}.Release|Any CPU.Build.0 = Release|Any CPU
		{F6DB4DEF-E7DB-4198-B0DA-F41A9BAAE0EE}.Debug|Any CPU.ActiveCfg = Debug|Any CPU
		{F6DB4DEF-E7DB-4198-B0DA-F41A9BAAE0EE}.Debug|Any CPU.Build.0 = Debug|Any CPU
		{F6DB4DEF-E7DB-4198-B0DA-F41A9BAAE0EE}.Release|Any CPU.ActiveCfg = Release|Any CPU
		{F6DB4DEF-E7DB-4198-B0DA-F41A9BAAE0EE}.Release|Any CPU.Build.0 = Release|Any CPU
		{C0DDA16E-E909-4CF0-AD76-4368F799CC07}.Debug|Any CPU.ActiveCfg = Debug|Any CPU
		{C0DDA16E-E909-4CF0-AD76-4368F799CC07}.Debug|Any CPU.Build.0 = Debug|Any CPU
		{C0DDA16E-E909-4CF0-AD76-4368F799CC07}.Release|Any CPU.ActiveCfg = Release|Any CPU
		{C0DDA16E-E909-4CF0-AD76-4368F799CC07}.Release|Any CPU.Build.0 = Release|Any CPU
		{D0BB44AA-F226-4510-BF87-76B4509223BB}.Debug|Any CPU.ActiveCfg = Debug|Any CPU
		{D0BB44AA-F226-4510-BF87-76B4509223BB}.Debug|Any CPU.Build.0 = Debug|Any CPU
		{D0BB44AA-F226-4510-BF87-76B4509223BB}.Release|Any CPU.ActiveCfg = Release|Any CPU
		{D0BB44AA-F226-4510-BF87-76B4509223BB}.Release|Any CPU.Build.0 = Release|Any CPU
		{E05DF8C2-E790-4078-8243-D815711F5F2B}.Debug|Any CPU.ActiveCfg = Debug|Any CPU
		{E05DF8C2-E790-4078-8243-D815711F5F2B}.Debug|Any CPU.Build.0 = Debug|Any CPU
		{E05DF8C2-E790-4078-8243-D815711F5F2B}.Release|Any CPU.ActiveCfg = Release|Any CPU
		{E05DF8C2-E790-4078-8243-D815711F5F2B}.Release|Any CPU.Build.0 = Release|Any CPU
		{E88A5740-5F87-4BFB-9925-FF0FF9625D50}.Debug|Any CPU.ActiveCfg = Debug|Any CPU
		{E88A5740-5F87-4BFB-9925-FF0FF9625D50}.Debug|Any CPU.Build.0 = Debug|Any CPU
		{E88A5740-5F87-4BFB-9925-FF0FF9625D50}.Release|Any CPU.ActiveCfg = Release|Any CPU
		{E88A5740-5F87-4BFB-9925-FF0FF9625D50}.Release|Any CPU.Build.0 = Release|Any CPU
		{CA38B116-57A3-45C9-9D68-2BC6EA55D1B4}.Debug|Any CPU.ActiveCfg = Debug|Any CPU
		{CA38B116-57A3-45C9-9D68-2BC6EA55D1B4}.Debug|Any CPU.Build.0 = Debug|Any CPU
		{CA38B116-57A3-45C9-9D68-2BC6EA55D1B4}.Release|Any CPU.ActiveCfg = Release|Any CPU
		{CA38B116-57A3-45C9-9D68-2BC6EA55D1B4}.Release|Any CPU.Build.0 = Release|Any CPU
	EndGlobalSection
	GlobalSection(SolutionProperties) = preSolution
		HideSolutionNode = FALSE
	EndGlobalSection
	GlobalSection(NestedProjects) = preSolution
		{14A261E4-378C-47C2-913B-B650F897B479} = {0B6D13FA-354E-45EC-97F4-0CD83BE5F735}
		{2C38BED5-4910-4D08-93B9-C8BCE71204EF} = {0B6D13FA-354E-45EC-97F4-0CD83BE5F735}
		{B45ABBCA-483B-40B8-ABBF-8EFD16229979} = {2C38BED5-4910-4D08-93B9-C8BCE71204EF}
		{5910A637-29DC-40F7-945F-C6F8D925BAFC} = {14A261E4-378C-47C2-913B-B650F897B479}
		{C6E6647B-121E-4CA0-96C0-87A52488AC86} = {5910A637-29DC-40F7-945F-C6F8D925BAFC}
		{B14C739E-1725-4709-A9FE-EDB4CCE02D85} = {14A261E4-378C-47C2-913B-B650F897B479}
		{F6DB4DEF-E7DB-4198-B0DA-F41A9BAAE0EE} = {B14C739E-1725-4709-A9FE-EDB4CCE02D85}
		{C0DDA16E-E909-4CF0-AD76-4368F799CC07} = {2C38BED5-4910-4D08-93B9-C8BCE71204EF}
		{D0BB44AA-F226-4510-BF87-76B4509223BB} = {2C38BED5-4910-4D08-93B9-C8BCE71204EF}
		{E05DF8C2-E790-4078-8243-D815711F5F2B} = {2C38BED5-4910-4D08-93B9-C8BCE71204EF}
		{6FB7D026-C82A-4957-A80E-755E9A7E2735} = {0B6D13FA-354E-45EC-97F4-0CD83BE5F735}
		{E88A5740-5F87-4BFB-9925-FF0FF9625D50} = {6FB7D026-C82A-4957-A80E-755E9A7E2735}
	EndGlobalSection
	GlobalSection(ExtensibilityGlobals) = postSolution
		SolutionGuid = {EEAE3995-6623-402E-9F4C-39CEE6D11C76}
	EndGlobalSection
EndGlobal
